
Microsoft Visual Studio Solution File, Format Version 12.00
# Visual Studio Version 16
VisualStudioVersion = 16.0.30804.86
MinimumVisualStudioVersion = 10.0.40219.1
Project("{9A19103F-16F7-4668-BE54-9A1E7A4F7556}") = "BootstrapCore", "BootstrapCore\BootstrapCore.csproj", "{6387675B-4E69-484E-A666-8B97F0DDE499}"
EndProject
Project("{9A19103F-16F7-4668-BE54-9A1E7A4F7556}") = "Carousel", "Carousel\Carousel.csproj", "{FF97D056-9A43-4468-B584-672E2D23A375}"
EndProject
Project("{9A19103F-16F7-4668-BE54-9A1E7A4F7556}") = "DbApp", "DbApp\DbApp.csproj", "{AB88D89F-41F9-426C-9FB6-5BC73C185336}"
EndProject
Project("{FAE04EC0-301F-11D3-BF4B-00C04F79EFBC}") = "DBFirstSpp", "DBFirstSpp\DBFirstSpp.csproj", "{419C686B-FC8C-4C72-990A-C7A6D79C9DCD}"
EndProject
Global
	GlobalSection(SolutionConfigurationPlatforms) = preSolution
		Debug|Any CPU = Debug|Any CPU
		Release|Any CPU = Release|Any CPU
	EndGlobalSection
	GlobalSection(ProjectConfigurationPlatforms) = postSolution
		{6387675B-4E69-484E-A666-8B97F0DDE499}.Debug|Any CPU.ActiveCfg = Debug|Any CPU
		{6387675B-4E69-484E-A666-8B97F0DDE499}.Debug|Any CPU.Build.0 = Debug|Any CPU
		{6387675B-4E69-484E-A666-8B97F0DDE499}.Release|Any CPU.ActiveCfg = Release|Any CPU
		{6387675B-4E69-484E-A666-8B97F0DDE499}.Release|Any CPU.Build.0 = Release|Any CPU
		{FF97D056-9A43-4468-B584-672E2D23A375}.Debug|Any CPU.ActiveCfg = Debug|Any CPU
		{FF97D056-9A43-4468-B584-672E2D23A375}.Debug|Any CPU.Build.0 = Debug|Any CPU
		{FF97D056-9A43-4468-B584-672E2D23A375}.Release|Any CPU.ActiveCfg = Release|Any CPU
		{FF97D056-9A43-4468-B584-672E2D23A375}.Release|Any CPU.Build.0 = Release|Any CPU
		{AB88D89F-41F9-426C-9FB6-5BC73C185336}.Debug|Any CPU.ActiveCfg = Debug|Any CPU
		{AB88D89F-41F9-426C-9FB6-5BC73C185336}.Debug|Any CPU.Build.0 = Debug|Any CPU
		{AB88D89F-41F9-426C-9FB6-5BC73C185336}.Release|Any CPU.ActiveCfg = Release|Any CPU
		{AB88D89F-41F9-426C-9FB6-5BC73C185336}.Release|Any CPU.Build.0 = Release|Any CPU
		{419C686B-FC8C-4C72-990A-C7A6D79C9DCD}.Debug|Any CPU.ActiveCfg = Debug|Any CPU
		{419C686B-FC8C-4C72-990A-C7A6D79C9DCD}.Debug|Any CPU.Build.0 = Debug|Any CPU
		{419C686B-FC8C-4C72-990A-C7A6D79C9DCD}.Release|Any CPU.ActiveCfg = Release|Any CPU
		{419C686B-FC8C-4C72-990A-C7A6D79C9DCD}.Release|Any CPU.Build.0 = Release|Any CPU
	EndGlobalSection
	GlobalSection(SolutionProperties) = preSolution
		HideSolutionNode = FALSE
	EndGlobalSection
	GlobalSection(ExtensibilityGlobals) = postSolution
		SolutionGuid = {F55DDA81-4F6E-4685-BD84-0A3ECC6B7DDC}
	EndGlobalSection
EndGlobal
